
Microsoft Visual Studio Solution File, Format Version 12.00
# Visual Studio Version 16
VisualStudioVersion = 16.0.28407.52
MinimumVisualStudioVersion = 10.0.40219.1
Project("{2150E333-8FDC-42A3-9474-1A3956D46DE8}") = "src", "src", "{DDA73387-AF13-43D3-BC85-99FB9ECFF660}"
EndProject
Project("{9A19103F-16F7-4668-BE54-9A1E7A4F7556}") = "Orleans.Transactions.MongoDB", "src\Orleans.Transactions.MongoDB\Orleans.Transactions.MongoDB.csproj", "{89BAC63A-EC41-4654-A9AA-1858CD3D1A18}"
EndProject
Global
	GlobalSection(SolutionConfigurationPlatforms) = preSolution
		Debug|Any CPU = Debug|Any CPU
		Release|Any CPU = Release|Any CPU
	EndGlobalSection
	GlobalSection(ProjectConfigurationPlatforms) = postSolution
		{89BAC63A-EC41-4654-A9AA-1858CD3D1A18}.Debug|Any CPU.ActiveCfg = Debug|Any CPU
		{89BAC63A-EC41-4654-A9AA-1858CD3D1A18}.Debug|Any CPU.Build.0 = Debug|Any CPU
		{89BAC63A-EC41-4654-A9AA-1858CD3D1A18}.Release|Any CPU.ActiveCfg = Release|Any CPU
		{89BAC63A-EC41-4654-A9AA-1858CD3D1A18}.Release|Any CPU.Build.0 = Release|Any CPU
	EndGlobalSection
	GlobalSection(SolutionProperties) = preSolution
		HideSolutionNode = FALSE
	EndGlobalSection
	GlobalSection(NestedProjects) = preSolution
		{89BAC63A-EC41-4654-A9AA-1858CD3D1A18} = {DDA73387-AF13-43D3-BC85-99FB9ECFF660}
	EndGlobalSection
	GlobalSection(ExtensibilityGlobals) = postSolution
		SolutionGuid = {24CE4714-8AFB-4AC6-ADD9-4FCB0F2C60C9}
	EndGlobalSection
EndGlobal
