
Microsoft Visual Studio Solution File, Format Version 12.00
# Visual Studio 15
VisualStudioVersion = 15.0.28307.136
MinimumVisualStudioVersion = 10.0.40219.1
Project("{FAE04EC0-301F-11D3-BF4B-00C04F79EFBC}") = "Orleans.Transactions.MongoDB", "Orleans.Transactions.MongoDB\Orleans.Transactions.MongoDB.csproj", "{CDD9B6E2-D08C-4E15-9CF3-149253F35884}"
EndProject
Global
	GlobalSection(SolutionConfigurationPlatforms) = preSolution
		Debug|Any CPU = Debug|Any CPU
		Release|Any CPU = Release|Any CPU
	EndGlobalSection
	GlobalSection(ProjectConfigurationPlatforms) = postSolution
		{CDD9B6E2-D08C-4E15-9CF3-149253F35884}.Debug|Any CPU.ActiveCfg = Debug|Any CPU
		{CDD9B6E2-D08C-4E15-9CF3-149253F35884}.Debug|Any CPU.Build.0 = Debug|Any CPU
		{CDD9B6E2-D08C-4E15-9CF3-149253F35884}.Release|Any CPU.ActiveCfg = Release|Any CPU
		{CDD9B6E2-D08C-4E15-9CF3-149253F35884}.Release|Any CPU.Build.0 = Release|Any CPU
	EndGlobalSection
	GlobalSection(SolutionProperties) = preSolution
		HideSolutionNode = FALSE
	EndGlobalSection
	GlobalSection(ExtensibilityGlobals) = postSolution
		SolutionGuid = {24CE4714-8AFB-4AC6-ADD9-4FCB0F2C60C9}
	EndGlobalSection
EndGlobal
